
Microsoft Visual Studio Solution File, Format Version 12.00
# Visual Studio Version 17
VisualStudioVersion = 17.2.32616.157
MinimumVisualStudioVersion = 10.0.40219.1
Project("{FAE04EC0-301F-11D3-BF4B-00C04F79EFBC}") = "UTB.Eshop.Web", "UTB.Eshop.Web\UTB.Eshop.Web.csproj", "{5FEF2846-E61E-4632-83DF-AAF75AABD49F}"
EndProject
Global
	GlobalSection(SolutionConfigurationPlatforms) = preSolution
		Debug|Any CPU = Debug|Any CPU
		Release|Any CPU = Release|Any CPU
	EndGlobalSection
	GlobalSection(ProjectConfigurationPlatforms) = postSolution
		{5FEF2846-E61E-4632-83DF-AAF75AABD49F}.Debug|Any CPU.ActiveCfg = Debug|Any CPU
		{5FEF2846-E61E-4632-83DF-AAF75AABD49F}.Debug|Any CPU.Build.0 = Debug|Any CPU
		{5FEF2846-E61E-4632-83DF-AAF75AABD49F}.Release|Any CPU.ActiveCfg = Release|Any CPU
		{5FEF2846-E61E-4632-83DF-AAF75AABD49F}.Release|Any CPU.Build.0 = Release|Any CPU
	EndGlobalSection
	GlobalSection(SolutionProperties) = preSolution
		HideSolutionNode = FALSE
	EndGlobalSection
	GlobalSection(ExtensibilityGlobals) = postSolution
		SolutionGuid = {392EC490-076C-4E42-BE06-7B9D3D837FED}
	EndGlobalSection
EndGlobal
